
Microsoft Visual Studio Solution File, Format Version 12.00
# Visual Studio Version 17
VisualStudioVersion = 17.13.35919.96 d17.13
MinimumVisualStudioVersion = 10.0.40219.1
Project("{FAE04EC0-301F-11D3-BF4B-00C04F79EFBC}") = "BT1.3.2", "BT1.3.2\BT1.3.2.csproj", "{7CA2130E-D53F-4EDE-B9B2-904DF6DBFC70}"
EndProject
Global
	GlobalSection(SolutionConfigurationPlatforms) = preSolution
		Debug|Any CPU = Debug|Any CPU
		Release|Any CPU = Release|Any CPU
	EndGlobalSection
	GlobalSection(ProjectConfigurationPlatforms) = postSolution
		{7CA2130E-D53F-4EDE-B9B2-904DF6DBFC70}.Debug|Any CPU.ActiveCfg = Debug|Any CPU
		{7CA2130E-D53F-4EDE-B9B2-904DF6DBFC70}.Debug|Any CPU.Build.0 = Debug|Any CPU
		{7CA2130E-D53F-4EDE-B9B2-904DF6DBFC70}.Release|Any CPU.ActiveCfg = Release|Any CPU
		{7CA2130E-D53F-4EDE-B9B2-904DF6DBFC70}.Release|Any CPU.Build.0 = Release|Any CPU
	EndGlobalSection
	GlobalSection(SolutionProperties) = preSolution
		HideSolutionNode = FALSE
	EndGlobalSection
	GlobalSection(ExtensibilityGlobals) = postSolution
		SolutionGuid = {517AB239-C357-43D9-B7E6-BB6674CBC86F}
	EndGlobalSection
EndGlobal
