
Microsoft Visual Studio Solution File, Format Version 12.00
# Visual Studio Version 17
VisualStudioVersion = 17.13.35919.96 d17.13
MinimumVisualStudioVersion = 10.0.40219.1
Project("{FAE04EC0-301F-11D3-BF4B-00C04F79EFBC}") = "BT1.2", "BT1.2\BT1.2.csproj", "{BDB5BE82-FEE6-4B20-AA59-0224DB9E67B3}"
EndProject
Global
	GlobalSection(SolutionConfigurationPlatforms) = preSolution
		Debug|Any CPU = Debug|Any CPU
		Release|Any CPU = Release|Any CPU
	EndGlobalSection
	GlobalSection(ProjectConfigurationPlatforms) = postSolution
		{BDB5BE82-FEE6-4B20-AA59-0224DB9E67B3}.Debug|Any CPU.ActiveCfg = Debug|Any CPU
		{BDB5BE82-FEE6-4B20-AA59-0224DB9E67B3}.Debug|Any CPU.Build.0 = Debug|Any CPU
		{BDB5BE82-FEE6-4B20-AA59-0224DB9E67B3}.Release|Any CPU.ActiveCfg = Release|Any CPU
		{BDB5BE82-FEE6-4B20-AA59-0224DB9E67B3}.Release|Any CPU.Build.0 = Release|Any CPU
	EndGlobalSection
	GlobalSection(SolutionProperties) = preSolution
		HideSolutionNode = FALSE
	EndGlobalSection
	GlobalSection(ExtensibilityGlobals) = postSolution
		SolutionGuid = {BED195F0-ADDC-4074-A523-B89F0B1DCC8A}
	EndGlobalSection
EndGlobal
